dependencies:
- name: crds
  repository: ""
  version: 0.0.0
- name: kube-state-metrics
  repository: https://prometheus-community.github.io/helm-charts
  version: 8.0.0
- name: prometheus-node-exporter
  repository: https://prometheus-community.github.io/helm-charts
  version: 4.56.1
- name: grafana
  repository: https://grafana-community.github.io/helm-charts
  version: 12.8.0
- name: prometheus-windows-exporter
  repository: https://prometheus-community.github.io/helm-charts
  version: 0.12.7
digest: sha256:d91b9ebbd4c58db5af94d767c504913985cfe28577a21e521ac86d53282e1792
generated: "2026-07-21T22:49:32.114543456Z"
