{
  "nodes": {
    "emacs-overlay": {
      "locked": {
        "lastModified": 1610064366,
        "narHash": "sha256-3aZYNt8bK54NSpG1TNgkZauDJzarfxVcaOctw4oOanU=",
        "owner": "nix-community",
        "repo": "emacs-overlay",
        "rev": "5a21a96f87837f2127d509b66f9c07943422a13e",
        "type": "github"
      },
      "original": {
        "owner": "nix-community",
        "repo": "emacs-overlay",
        "rev": "5a21a96f87837f2127d509b66f9c07943422a13e",
        "type": "github"
      }
    },
    "home-manager": {
      "inputs": {
        "nixpkgs": "nixpkgs"
      },
      "locked": {
        "lastModified": 1604628022,
        "narHash": "sha256-zCbTh91NBQdGRtO+GZxfKnmRjp+4rOQ2B8wtNpVcxgs=",
        "owner": "nix-community",
        "repo": "home-manager",
        "rev": "4cc1b77c3fc4f4b3bc61921dda72663eea962fa3",
        "type": "github"
      },
      "original": {
        "owner": "nix-community",
        "repo": "home-manager",
        "type": "github"
      }
    },
    "nixos-hardware": {
      "locked": {
        "lastModified": 1604571579,
        "narHash": "sha256-3kQmLlKOlH742cZqeFd18JaKcuOBItAY2Pf6V9Q4tx4=",
        "owner": "NixOS",
        "repo": "nixos-hardware",
        "rev": "40ade7c0349d31e9f9722c7331de3c473f65dce0",
        "type": "github"
      },
      "original": {
        "owner": "NixOS",
        "ref": "master",
        "repo": "nixos-hardware",
        "type": "github"
      }
    },
    "nixpkgs": {
      "locked": {
        "lastModified": 1604699143,
        "narHash": "sha256-1DMbwJAZohDfeNdKDBNF4rmsieybHf7BdrGfsAfWq+Y=",
        "owner": "NixOS",
        "repo": "nixpkgs",
        "rev": "f6d0d8c265caed8620d799a0a2817d6f0e757f20",
        "type": "github"
      },
      "original": {
        "id": "nixpkgs",
        "type": "indirect"
      }
    },
    "nixpkgs_2": {
      "locked": {
        "lastModified": 1611928846,
        "narHash": "sha256-JVaXEYm0K/Ga6fC39ngXsfnhCsONcOa1Ww8E9mjy88I=",
        "owner": "NixOS",
        "repo": "nixpkgs",
        "rev": "fb38ac0e97de4dafed59ba3d8c98c4e3ff4ff549",
        "type": "github"
      },
      "original": {
        "owner": "NixOS",
        "repo": "nixpkgs",
        "rev": "fb38ac0e97de4dafed59ba3d8c98c4e3ff4ff549",
        "type": "github"
      }
    },
    "nixpkgs_3": {
      "locked": {
        "lastModified": 1604699143,
        "narHash": "sha256-1DMbwJAZohDfeNdKDBNF4rmsieybHf7BdrGfsAfWq+Y=",
        "owner": "NixOS",
        "repo": "nixpkgs",
        "rev": "f6d0d8c265caed8620d799a0a2817d6f0e757f20",
        "type": "github"
      },
      "original": {
        "id": "nixpkgs",
        "type": "indirect"
      }
    },
    "pipestatus": {
      "inputs": {
        "nixpkgs": "nixpkgs_3"
      },
      "locked": {
        "lastModified": 1607085990,
        "narHash": "sha256-2EiBPnzydqv/VcmVbwGEsdL17aHiycPPnEj69CONUeA=",
        "owner": "ftzm",
        "repo": "pipestatus",
        "rev": "d45ca0ae8d38d889f16ff17e4652e40251c5b21b",
        "type": "github"
      },
      "original": {
        "owner": "ftzm",
        "repo": "pipestatus",
        "type": "github"
      }
    },
    "root": {
      "inputs": {
        "emacs-overlay": "emacs-overlay",
        "home-manager": "home-manager",
        "nixos-hardware": "nixos-hardware",
        "nixpkgs": "nixpkgs_2",
        "pipestatus": "pipestatus"
      }
    }
  },
  "root": "root",
  "version": 7
}
